
Microsoft Visual Studio Solution File, Format Version 12.00
# Visual Studio Version 17
VisualStudioVersion = 17.9.34701.34
MinimumVisualStudioVersion = 10.0.40219.1
Project("{FAE04EC0-301F-11D3-BF4B-00C04F79EFBC}") = "WebProject", "WebProject.csproj", "{81094EFF-C004-4F82-9C9D-B261964DC649}"
EndProject
Global
	GlobalSection(SolutionConfigurationPlatforms) = preSolution
		Debug|Any CPU = Debug|Any CPU
		Release|Any CPU = Release|Any CPU
	EndGlobalSection
	GlobalSection(ProjectConfigurationPlatforms) = postSolution
		{81094EFF-C004-4F82-9C9D-B261964DC649}.Debug|Any CPU.ActiveCfg = Debug|Any CPU
		{81094EFF-C004-4F82-9C9D-B261964DC649}.Debug|Any CPU.Build.0 = Debug|Any CPU
		{81094EFF-C004-4F82-9C9D-B261964DC649}.Release|Any CPU.ActiveCfg = Release|Any CPU
		{81094EFF-C004-4F82-9C9D-B261964DC649}.Release|Any CPU.Build.0 = Release|Any CPU
	EndGlobalSection
	GlobalSection(SolutionProperties) = preSolution
		HideSolutionNode = FALSE
	EndGlobalSection
	GlobalSection(ExtensibilityGlobals) = postSolution
		SolutionGuid = {B22DC2B8-DD9B-4870-BB7C-92D304F04D24}
	EndGlobalSection
EndGlobal
